
Microsoft Visual Studio Solution File, Format Version 12.00
# Visual Studio Version 17
VisualStudioVersion = 17.5.001.0
MinimumVisualStudioVersion = 10.0.40219.1
Project("{FAE04EC0-301F-11D3-BF4B-00C04F79EFBC}") = "PSGetTagMetadata", "PSGetTagMetadata\PSGetTagMetadata.csproj", "{5303B6B7-D785-4E01-BB64-E1437AACD35A}"
EndProject
Global
	GlobalSection(SolutionConfigurationPlatforms) = preSolution
		Debug|Any CPU = Debug|Any CPU
		Debug|x64 = Debug|x64
		Debug|x86 = Debug|x86
		Release|Any CPU = Release|Any CPU
		Release|x64 = Release|x64
		Release|x86 = Release|x86
	EndGlobalSection
	GlobalSection(ProjectConfigurationPlatforms) = postSolution
		{5303B6B7-D785-4E01-BB64-E1437AACD35A}.Debug|Any CPU.ActiveCfg = Debug|Any CPU
		{5303B6B7-D785-4E01-BB64-E1437AACD35A}.Debug|Any CPU.Build.0 = Debug|Any CPU
		{5303B6B7-D785-4E01-BB64-E1437AACD35A}.Debug|x64.ActiveCfg = Debug|Any CPU
		{5303B6B7-D785-4E01-BB64-E1437AACD35A}.Debug|x64.Build.0 = Debug|Any CPU
		{5303B6B7-D785-4E01-BB64-E1437AACD35A}.Debug|x86.ActiveCfg = Debug|Any CPU
		{5303B6B7-D785-4E01-BB64-E1437AACD35A}.Debug|x86.Build.0 = Debug|Any CPU
		{5303B6B7-D785-4E01-BB64-E1437AACD35A}.Release|Any CPU.ActiveCfg = Release|Any CPU
		{5303B6B7-D785-4E01-BB64-E1437AACD35A}.Release|Any CPU.Build.0 = Release|Any CPU
		{5303B6B7-D785-4E01-BB64-E1437AACD35A}.Release|x64.ActiveCfg = Release|Any CPU
		{5303B6B7-D785-4E01-BB64-E1437AACD35A}.Release|x64.Build.0 = Release|Any CPU
		{5303B6B7-D785-4E01-BB64-E1437AACD35A}.Release|x86.ActiveCfg = Release|Any CPU
		{5303B6B7-D785-4E01-BB64-E1437AACD35A}.Release|x86.Build.0 = Release|Any CPU
	EndGlobalSection
EndGlobal
